
Microsoft Visual Studio Solution File, Format Version 12.00
# Visual Studio 15
Project("{FAE04EC0-301F-11D3-BF4B-00C04F79EFBC}") = "Assembly-CSharp-firstpass", "Assembly-CSharp-firstpass.csproj", "{8D9005BD-75FE-2037-CB03-CBBD9E116458}"
EndProject
Project("{FAE04EC0-301F-11D3-BF4B-00C04F79EFBC}") = "Assembly-CSharp", "Assembly-CSharp.csproj", "{2EA0E479-4408-72B1-B9DD-E0068FF6F986}"
EndProject
Global
	GlobalSection(SolutionConfigurationPlatforms) = preSolution
		Debug|Any CPU = Debug|Any CPU
		Release|Any CPU = Release|Any CPU
	EndGlobalSection
	GlobalSection(ProjectConfigurationPlatforms) = postSolution
		{8D9005BD-75FE-2037-CB03-CBBD9E116458}.Debug|Any CPU.ActiveCfg = Debug|Any CPU
		{8D9005BD-75FE-2037-CB03-CBBD9E116458}.Debug|Any CPU.Build.0 = Debug|Any CPU
		{8D9005BD-75FE-2037-CB03-CBBD9E116458}.Release|Any CPU.ActiveCfg = Release|Any CPU
		{8D9005BD-75FE-2037-CB03-CBBD9E116458}.Release|Any CPU.Build.0 = Release|Any CPU
		{2EA0E479-4408-72B1-B9DD-E0068FF6F986}.Debug|Any CPU.ActiveCfg = Debug|Any CPU
		{2EA0E479-4408-72B1-B9DD-E0068FF6F986}.Debug|Any CPU.Build.0 = Debug|Any CPU
		{2EA0E479-4408-72B1-B9DD-E0068FF6F986}.Release|Any CPU.ActiveCfg = Release|Any CPU
		{2EA0E479-4408-72B1-B9DD-E0068FF6F986}.Release|Any CPU.Build.0 = Release|Any CPU
	EndGlobalSection
	GlobalSection(SolutionProperties) = preSolution
		HideSolutionNode = FALSE
	EndGlobalSection
EndGlobal
